# THIS IS AN AUTOGENERATED FILE. DO NOT EDIT THIS FILE DIRECTLY.
# yarn lockfile v1


minimist@0.0.8:
  version "0.0.8"
  resolved "https://registry.yarnpkg.com/minimist/-/minimist-0.0.8.tgz#857fcabfc3397d2625b8228262e86aa7a011b05d"
  integrity sha1-hX/Kv8M5fSYluCKCYuhqp6ARsF0=

mkdirp@~0.5.0:
  version "0.5.1"
  resolved "https://registry.yarnpkg.com/mkdirp/-/mkdirp-0.5.1.tgz#30057438eac6cf7f8c4767f38648d6697d75c903"
  integrity sha1-MAV0OOrGz3+MR2fzhkjWaX11yQM=
  dependencies:
    minimist "0.0.8"

plotly@^1.0.6:
  version "1.0.6"
  resolved "https://registry.yarnpkg.com/plotly/-/plotly-1.0.6.tgz#b2672c3df88333625bdf684982d0e3f6521d7aaa"
  integrity sha1-smcsPfiDM2Jb32hJgtDj9lIdeqo=
  dependencies:
    mkdirp "~0.5.0"
